
Microsoft Visual Studio Solution File, Format Version 12.00
# Visual Studio Version 16
VisualStudioVersion = 16.0.33529.622
MinimumVisualStudioVersion = 10.0.40219.1
Project("{FAE04EC0-301F-11D3-BF4B-00C04F79EFBC}") = "Api", "Api\Api.csproj", "{6FED1876-5BBE-4312-9843-28EA07BFE186}"
EndProject
Project("{FAE04EC0-301F-11D3-BF4B-00C04F79EFBC}") = "Models", "Models\Models.csproj", "{518080DF-2AC4-4C6A-8919-B53D4197F091}"
EndProject
Project("{FAE04EC0-301F-11D3-BF4B-00C04F79EFBC}") = "Services", "Services\Services.csproj", "{2250C90F-89F6-4247-A241-BED7710A4ABC}"
EndProject
Global
	GlobalSection(SolutionConfigurationPlatforms) = preSolution
		Debug|Any CPU = Debug|Any CPU
		Release|Any CPU = Release|Any CPU
	EndGlobalSection
	GlobalSection(ProjectConfigurationPlatforms) = postSolution
		{6FED1876-5BBE-4312-9843-28EA07BFE186}.Debug|Any CPU.ActiveCfg = Debug|Any CPU
		{6FED1876-5BBE-4312-9843-28EA07BFE186}.Debug|Any CPU.Build.0 = Debug|Any CPU
		{6FED1876-5BBE-4312-9843-28EA07BFE186}.Release|Any CPU.ActiveCfg = Release|Any CPU
		{6FED1876-5BBE-4312-9843-28EA07BFE186}.Release|Any CPU.Build.0 = Release|Any CPU
		{518080DF-2AC4-4C6A-8919-B53D4197F091}.Debug|Any CPU.ActiveCfg = Debug|Any CPU
		{518080DF-2AC4-4C6A-8919-B53D4197F091}.Debug|Any CPU.Build.0 = Debug|Any CPU
		{518080DF-2AC4-4C6A-8919-B53D4197F091}.Release|Any CPU.ActiveCfg = Release|Any CPU
		{518080DF-2AC4-4C6A-8919-B53D4197F091}.Release|Any CPU.Build.0 = Release|Any CPU
		{2250C90F-89F6-4247-A241-BED7710A4ABC}.Debug|Any CPU.ActiveCfg = Debug|Any CPU
		{2250C90F-89F6-4247-A241-BED7710A4ABC}.Debug|Any CPU.Build.0 = Debug|Any CPU
		{2250C90F-89F6-4247-A241-BED7710A4ABC}.Release|Any CPU.ActiveCfg = Release|Any CPU
		{2250C90F-89F6-4247-A241-BED7710A4ABC}.Release|Any CPU.Build.0 = Release|Any CPU
	EndGlobalSection
	GlobalSection(SolutionProperties) = preSolution
		HideSolutionNode = FALSE
	EndGlobalSection
	GlobalSection(ExtensibilityGlobals) = postSolution
		SolutionGuid = {941308F4-3791-4A6D-ADBE-8E31B332E204}
	EndGlobalSection
EndGlobal
